
Microsoft Visual Studio Solution File, Format Version 12.00
# Visual Studio 2012
Project("{FAE04EC0-301F-11D3-BF4B-00C04F79EFBC}") = "OSlab_threading", "OSlab_threading\OSlab_threading.csproj", "{518708AF-73FF-42D7-8B87-EA1DCF109752}"
EndProject
Global
	GlobalSection(SolutionConfigurationPlatforms) = preSolution
		Debug|Any CPU = Debug|Any CPU
		Release|Any CPU = Release|Any CPU
	EndGlobalSection
	GlobalSection(ProjectConfigurationPlatforms) = postSolution
		{518708AF-73FF-42D7-8B87-EA1DCF109752}.Debug|Any CPU.ActiveCfg = Debug|Any CPU
		{518708AF-73FF-42D7-8B87-EA1DCF109752}.Debug|Any CPU.Build.0 = Debug|Any CPU
		{518708AF-73FF-42D7-8B87-EA1DCF109752}.Release|Any CPU.ActiveCfg = Release|Any CPU
		{518708AF-73FF-42D7-8B87-EA1DCF109752}.Release|Any CPU.Build.0 = Release|Any CPU
	EndGlobalSection
	GlobalSection(SolutionProperties) = preSolution
		HideSolutionNode = FALSE
	EndGlobalSection
EndGlobal
