
Microsoft Visual Studio Solution File, Format Version 12.00
# Visual Studio 2012
Project("{FAE04EC0-301F-11D3-BF4B-00C04F79EFBC}") = "GetProc", "GetProc\GetProc.csproj", "{84B31AC8-C88A-4D19-8EDC-21B75423553F}"
EndProject
Global
	GlobalSection(SolutionConfigurationPlatforms) = preSolution
		Debug|Any CPU = Debug|Any CPU
		Release|Any CPU = Release|Any CPU
	EndGlobalSection
	GlobalSection(ProjectConfigurationPlatforms) = postSolution
		{84B31AC8-C88A-4D19-8EDC-21B75423553F}.Debug|Any CPU.ActiveCfg = Debug|Any CPU
		{84B31AC8-C88A-4D19-8EDC-21B75423553F}.Debug|Any CPU.Build.0 = Debug|Any CPU
		{84B31AC8-C88A-4D19-8EDC-21B75423553F}.Release|Any CPU.ActiveCfg = Release|Any CPU
		{84B31AC8-C88A-4D19-8EDC-21B75423553F}.Release|Any CPU.Build.0 = Release|Any CPU
	EndGlobalSection
	GlobalSection(SolutionProperties) = preSolution
		HideSolutionNode = FALSE
	EndGlobalSection
EndGlobal
